
Microsoft Visual Studio Solution File, Format Version 12.00
# Visual Studio Version 16
VisualStudioVersion = 16.0.29911.84
MinimumVisualStudioVersion = 10.0.40219.1
Project("{FAE04EC0-301F-11D3-BF4B-00C04F79EFBC}") = "NhOdataTest", "NhOdataTest\NhOdataTest.csproj", "{5FDCF717-D899-4A62-889A-B7B783115497}"
EndProject
Global
	GlobalSection(SolutionConfigurationPlatforms) = preSolution
		Debug|Any CPU = Debug|Any CPU
		Release|Any CPU = Release|Any CPU
	EndGlobalSection
	GlobalSection(ProjectConfigurationPlatforms) = postSolution
		{5FDCF717-D899-4A62-889A-B7B783115497}.Debug|Any CPU.ActiveCfg = Debug|Any CPU
		{5FDCF717-D899-4A62-889A-B7B783115497}.Debug|Any CPU.Build.0 = Debug|Any CPU
		{5FDCF717-D899-4A62-889A-B7B783115497}.Release|Any CPU.ActiveCfg = Release|Any CPU
		{5FDCF717-D899-4A62-889A-B7B783115497}.Release|Any CPU.Build.0 = Release|Any CPU
	EndGlobalSection
	GlobalSection(SolutionProperties) = preSolution
		HideSolutionNode = FALSE
	EndGlobalSection
	GlobalSection(ExtensibilityGlobals) = postSolution
		SolutionGuid = {EC1CC155-41E7-4B87-837E-A5A727A2D94A}
	EndGlobalSection
EndGlobal
